// !$*UTF8*$!
{
	archiveVersion = 1;
	classes = {
	};
	objectVersion = 51;
	objects = {

/* Begin PBXBuildFile section */
		0EC7CA42C0AF7D166375549D /* Pods_Tidying_Up.framework in Frameworks */ = {isa = PBXBuildFile; fileRef = 1A383CEC29A235EDB710B69A /* Pods_Tidying_Up.framework */; };
		20779957AB43D0A7FFCE60BC /* Pods_Tidying_Up_Tidying_UpUITests.framework in Frameworks */ = {isa = PBXBuildFile; fileRef = AA3D41D9454FD7694BA46ED5 /* Pods_Tidying_Up_Tidying_UpUITests.framework */; };
		382397B02490E7640094664B /* item.swift in Sources */ = {isa = PBXBuildFile; fileRef = 382397AF2490E7640094664B /* item.swift */; };
		382397B22491198C0094664B /* Tutorial.sks in Resources */ = {isa = PBXBuildFile; fileRef = 382397B12491198C0094664B /* Tutorial.sks */; };
		3850D302247DCC03000E939C /* LevelPageViewController.swift in Sources */ = {isa = PBXBuildFile; fileRef = 3850D301247DCC03000E939C /* LevelPageViewController.swift */; };
		3850D304247E18DD000E939C /* ShopViewController.swift in Sources */ = {isa = PBXBuildFile; fileRef = 3850D303247E18DD000E939C /* ShopViewController.swift */; };
		3853F0B624911CD8000F9BF7 /* TutorialScene.swift in Sources */ = {isa = PBXBuildFile; fileRef = 3853F0B524911CD8000F9BF7 /* TutorialScene.swift */; };
		3853F0B824911E35000F9BF7 /* TutorialViewController.swift in Sources */ = {isa = PBXBuildFile; fileRef = 3853F0B724911E35000F9BF7 /* TutorialViewController.swift */; };
		385DC9FF2492287700EE1AF9 /* animateStroke.fsh in Resources */ = {isa = PBXBuildFile; fileRef = 385DC9FE2492287700EE1AF9 /* animateStroke.fsh */; };
		385DCA052492B73500EE1AF9 /* LevelInsideViewContoller.swift in Sources */ = {isa = PBXBuildFile; fileRef = 385DCA042492B73500EE1AF9 /* LevelInsideViewContoller.swift */; };
		385DCA072492CE0000EE1AF9 /* linkedList.swift in Sources */ = {isa = PBXBuildFile; fileRef = 385DCA062492CE0000EE1AF9 /* linkedList.swift */; };
		3887045F248DF787009B13C7 /* GoogleService-Info.plist in Resources */ = {isa = PBXBuildFile; fileRef = 3887045E248DF787009B13C7 /* GoogleService-Info.plist */; };
		38870461248DF796009B13C7 /* credentials.plist in Resources */ = {isa = PBXBuildFile; fileRef = 38870460248DF796009B13C7 /* credentials.plist */; };
		3887046724901D55009B13C7 /* Level.swift in Sources */ = {isa = PBXBuildFile; fileRef = 3887046624901D55009B13C7 /* Level.swift */; };
		388704692490A6CE009B13C7 /* LevelList.swift in Sources */ = {isa = PBXBuildFile; fileRef = 388704682490A6CE009B13C7 /* LevelList.swift */; };
		3887046B2490C370009B13C7 /* FloorTile.sks in Resources */ = {isa = PBXBuildFile; fileRef = 3887046A2490C370009B13C7 /* FloorTile.sks */; };
		38A8F1C024683C6F00C57CB6 /* AppDelegate.swift in Sources */ = {isa = PBXBuildFile; fileRef = 38A8F1BF24683C6F00C57CB6 /* AppDelegate.swift */; };
		38A8F1C224683C6F00C57CB6 /* GameScene.sks in Resources */ = {isa = PBXBuildFile; fileRef = 38A8F1C124683C6F00C57CB6 /* GameScene.sks */; };
		38A8F1C424683C6F00C57CB6 /* Actions.sks in Resources */ = {isa = PBXBuildFile; fileRef = 38A8F1C324683C6F00C57CB6 /* Actions.sks */; };
		38A8F1C624683C6F00C57CB6 /* GameScene.swift in Sources */ = {isa = PBXBuildFile; fileRef = 38A8F1C524683C6F00C57CB6 /* GameScene.swift */; };
		38A8F1C824683C6F00C57CB6 /* GameViewController.swift in Sources */ = {isa = PBXBuildFile; fileRef = 38A8F1C724683C6F00C57CB6 /* GameViewController.swift */; };
		38A8F1CB24683C6F00C57CB6 /* Main.storyboard in Resources */ = {isa = PBXBuildFile; fileRef = 38A8F1C924683C6F00C57CB6 /* Main.storyboard */; settings = {ASSET_TAGS = (insideLevel, ); }; };
		38A8F1CD24683C7000C57CB6 /* Assets.xcassets in Resources */ = {isa = PBXBuildFile; fileRef = 38A8F1CC24683C7000C57CB6 /* Assets.xcassets */; };
		38A8F1D024683C7000C57CB6 /* LaunchScreen.storyboard in Resources */ = {isa = PBXBuildFile; fileRef = 38A8F1CE24683C7000C57CB6 /* LaunchScreen.storyboard */; };
		38A8F1DB24683C7000C57CB6 /* Tidying_UpTests.swift in Sources */ = {isa = PBXBuildFile; fileRef = 38A8F1DA24683C7000C57CB6 /* Tidying_UpTests.swift */; };
		38A8F1E624683C7000C57CB6 /* Tidying_UpUITests.swift in Sources */ = {isa = PBXBuildFile; fileRef = 38A8F1E524683C7000C57CB6 /* Tidying_UpUITests.swift */; };
		38E6DE502478D7E80015A980 /* SignUpViewcontroller.swift in Sources */ = {isa = PBXBuildFile; fileRef = 38E6DE4F2478D7E80015A980 /* SignUpViewcontroller.swift */; };
		38FA7B7724779FFD0010DC6A /* LoginpageViewController.swift in Sources */ = {isa = PBXBuildFile; fileRef = 38FA7B7624779FFD0010DC6A /* LoginpageViewController.swift */; };
		B87A596F1D09A84D9162DA39 /* Pods_Tidying_UpTests.framework in Frameworks */ = {isa = PBXBuildFile; fileRef = D9434F70048A4C94845DB633 /* Pods_Tidying_UpTests.framework */; };
/* End PBXBuildFile section */

/* Begin PBXContainerItemProxy section */
		38A8F1D724683C7000C57CB6 /* PBXContainerItemProxy */ = {
			isa = PBXContainerItemProxy;
			containerPortal = 38A8F1B424683C6F00C57CB6 /* Project object */;
			proxyType = 1;
			remoteGlobalIDString = 38A8F1BB24683C6F00C57CB6;
			remoteInfo = "Tidying Up";
		};
		38A8F1E224683C7000C57CB6 /* PBXContainerItemProxy */ = {
			isa = PBXContainerItemProxy;
			containerPortal = 38A8F1B424683C6F00C57CB6 /* Project object */;
			proxyType = 1;
			remoteGlobalIDString = 38A8F1BB24683C6F00C57CB6;
			remoteInfo = "Tidying Up";
		};
/* End PBXContainerItemProxy section */

/* Begin PBXFileReference section */
		0ED0C6287C4D0ADC89618107 /* Pods-Tidying UpTests.release.xcconfig */ = {isa = PBXFileReference; includeInIndex = 1; lastKnownFileType = text.xcconfig; name = "Pods-Tidying UpTests.release.xcconfig"; path = "Target Support Files/Pods-Tidying UpTests/Pods-Tidying UpTests.release.xcconfig"; sourceTree = "<group>"; };
		1A383CEC29A235EDB710B69A /* Pods_Tidying_Up.framework */ = {isa = PBXFileReference; explicitFileType = wrapper.framework; includeInIndex = 0; path = Pods_Tidying_Up.framework; sourceTree = BUILT_PRODUCTS_DIR; };
		23B2A9A5369E9C3C0A37F3C6 /* Pods-Tidying UpTests.debug.xcconfig */ = {isa = PBXFileReference; includeInIndex = 1; lastKnownFileType = text.xcconfig; name = "Pods-Tidying UpTests.debug.xcconfig"; path = "Target Support Files/Pods-Tidying UpTests/Pods-Tidying UpTests.debug.xcconfig"; sourceTree = "<group>"; };
		36DBEC0F93CE883AE3DE34C5 /* Pods-Tidying Up.debug.xcconfig */ = {isa = PBXFileReference; includeInIndex = 1; lastKnownFileType = text.xcconfig; name = "Pods-Tidying Up.debug.xcconfig"; path = "Target Support Files/Pods-Tidying Up/Pods-Tidying Up.debug.xcconfig"; sourceTree = "<group>"; };
		382397AF2490E7640094664B /* item.swift */ = {isa = PBXFileReference; lastKnownFileType = sourcecode.swift; path = item.swift; sourceTree = "<group>"; };
		382397B12491198C0094664B /* Tutorial.sks */ = {isa = PBXFileReference; lastKnownFileType = file.sks; path = Tutorial.sks; sourceTree = "<group>"; };
		3850D301247DCC03000E939C /* LevelPageViewController.swift */ = {isa = PBXFileReference; lastKnownFileType = sourcecode.swift; path = LevelPageViewController.swift; sourceTree = "<group>"; };
		3850D303247E18DD000E939C /* ShopViewController.swift */ = {isa = PBXFileReference; lastKnownFileType = sourcecode.swift; path = ShopViewController.swift; sourceTree = "<group>"; };
		3853F0B524911CD8000F9BF7 /* TutorialScene.swift */ = {isa = PBXFileReference; lastKnownFileType = sourcecode.swift; path = TutorialScene.swift; sourceTree = "<group>"; };
		3853F0B724911E35000F9BF7 /* TutorialViewController.swift */ = {isa = PBXFileReference; lastKnownFileType = sourcecode.swift; path = TutorialViewController.swift; sourceTree = "<group>"; };
		385DC9FE2492287700EE1AF9 /* animateStroke.fsh */ = {isa = PBXFileReference; lastKnownFileType = sourcecode.glsl; path = animateStroke.fsh; sourceTree = "<group>"; };
		385DCA042492B73500EE1AF9 /* LevelInsideViewContoller.swift */ = {isa = PBXFileReference; lastKnownFileType = sourcecode.swift; path = LevelInsideViewContoller.swift; sourceTree = "<group>"; };
		385DCA062492CE0000EE1AF9 /* linkedList.swift */ = {isa = PBXFileReference; lastKnownFileType = sourcecode.swift; path = linkedList.swift; sourceTree = "<group>"; };
		3887045E248DF787009B13C7 /* GoogleService-Info.plist */ = {isa = PBXFileReference; fileEncoding = 4; lastKnownFileType = text.plist.xml; path = "GoogleService-Info.plist"; sourceTree = "<group>"; };
		38870460248DF796009B13C7 /* credentials.plist */ = {isa = PBXFileReference; fileEncoding = 4; lastKnownFileType = text.plist.xml; path = credentials.plist; sourceTree = "<group>"; };
		3887046624901D55009B13C7 /* Level.swift */ = {isa = PBXFileReference; lastKnownFileType = sourcecode.swift; path = Level.swift; sourceTree = "<group>"; };
		388704682490A6CE009B13C7 /* LevelList.swift */ = {isa = PBXFileReference; lastKnownFileType = sourcecode.swift; path = LevelList.swift; sourceTree = "<group>"; };
		3887046A2490C370009B13C7 /* FloorTile.sks */ = {isa = PBXFileReference; lastKnownFileType = file.sks; path = FloorTile.sks; sourceTree = "<group>"; };
		38A8F1BC24683C6F00C57CB6 /* Tidying Up.app */ = {isa = PBXFileReference; explicitFileType = wrapper.application; includeInIndex = 0; path = "Tidying Up.app"; sourceTree = BUILT_PRODUCTS_DIR; };
		38A8F1BF24683C6F00C57CB6 /* AppDelegate.swift */ = {isa = PBXFileReference; lastKnownFileType = sourcecode.swift; path = AppDelegate.swift; sourceTree = "<group>"; };
		38A8F1C124683C6F00C57CB6 /* GameScene.sks */ = {isa = PBXFileReference; lastKnownFileType = file.sks; path = GameScene.sks; sourceTree = "<group>"; };
		38A8F1C324683C6F00C57CB6 /* Actions.sks */ = {isa = PBXFileReference; lastKnownFileType = file.sks; path = Actions.sks; sourceTree = "<group>"; };
		38A8F1C524683C6F00C57CB6 /* GameScene.swift */ = {isa = PBXFileReference; lastKnownFileType = sourcecode.swift; path = GameScene.swift; sourceTree = "<group>"; usesTabs = 0; };
		38A8F1C724683C6F00C57CB6 /* GameViewController.swift */ = {isa = PBXFileReference; lastKnownFileType = sourcecode.swift; path = GameViewController.swift; sourceTree = "<group>"; };
		38A8F1CA24683C6F00C57CB6 /* Base */ = {isa = PBXFileReference; lastKnownFileType = file.storyboard; name = Base; path = Base.lproj/Main.storyboard; sourceTree = "<group>"; };
		38A8F1CC24683C7000C57CB6 /* Assets.xcassets */ = {isa = PBXFileReference; lastKnownFileType = folder.assetcatalog; path = Assets.xcassets; sourceTree = "<group>"; };
		38A8F1CF24683C7000C57CB6 /* Base */ = {isa = PBXFileReference; lastKnownFileType = file.storyboard; name = Base; path = Base.lproj/LaunchScreen.storyboard; sourceTree = "<group>"; };
		38A8F1D124683C7000C57CB6 /* Info.plist */ = {isa = PBXFileReference; lastKnownFileType = text.plist.xml; path = Info.plist; sourceTree = "<group>"; };
		38A8F1D624683C7000C57CB6 /* Tidying UpTests.xctest */ = {isa = PBXFileReference; explicitFileType = wrapper.cfbundle; includeInIndex = 0; path = "Tidying UpTests.xctest"; sourceTree = BUILT_PRODUCTS_DIR; };
		38A8F1DA24683C7000C57CB6 /* Tidying_UpTests.swift */ = {isa = PBXFileReference; lastKnownFileType = sourcecode.swift; path = Tidying_UpTests.swift; sourceTree = "<group>"; };
		38A8F1DC24683C7000C57CB6 /* Info.plist */ = {isa = PBXFileReference; lastKnownFileType = text.plist.xml; path = Info.plist; sourceTree = "<group>"; };
		38A8F1E124683C7000C57CB6 /* Tidying UpUITests.xctest */ = {isa = PBXFileReference; explicitFileType = wrapper.cfbundle; includeInIndex = 0; path = "Tidying UpUITests.xctest"; sourceTree = BUILT_PRODUCTS_DIR; };
		38A8F1E524683C7000C57CB6 /* Tidying_UpUITests.swift */ = {isa = PBXFileReference; lastKnownFileType = sourcecode.swift; path = Tidying_UpUITests.swift; sourceTree = "<group>"; };
		38A8F1E724683C7000C57CB6 /* Info.plist */ = {isa = PBXFileReference; lastKnownFileType = text.plist.xml; path = Info.plist; sourceTree = "<group>"; };
		38E6DE4F2478D7E80015A980 /* SignUpViewcontroller.swift */ = {isa = PBXFileReference; lastKnownFileType = sourcecode.swift; path = SignUpViewcontroller.swift; sourceTree = "<group>"; };
		38FA7B7624779FFD0010DC6A /* LoginpageViewController.swift */ = {isa = PBXFileReference; lastKnownFileType = sourcecode.swift; path = LoginpageViewController.swift; sourceTree = "<group>"; };
		AA3D41D9454FD7694BA46ED5 /* Pods_Tidying_Up_Tidying_UpUITests.framework */ = {isa = PBXFileReference; explicitFileType = wrapper.framework; includeInIndex = 0; path = Pods_Tidying_Up_Tidying_UpUITests.framework; sourceTree = BUILT_PRODUCTS_DIR; };
		D9434F70048A4C94845DB633 /* Pods_Tidying_UpTests.framework */ = {isa = PBXFileReference; explicitFileType = wrapper.framework; includeInIndex = 0; path = Pods_Tidying_UpTests.framework; sourceTree = BUILT_PRODUCTS_DIR; };
		DD1F54BA083332C4BDE75FC0 /* Pods-Tidying Up-Tidying UpUITests.debug.xcconfig */ = {isa = PBXFileReference; includeInIndex = 1; lastKnownFileType = text.xcconfig; name = "Pods-Tidying Up-Tidying UpUITests.debug.xcconfig"; path = "Target Support Files/Pods-Tidying Up-Tidying UpUITests/Pods-Tidying Up-Tidying UpUITests.debug.xcconfig"; sourceTree = "<group>"; };
		EDCEBFDBDE094C3353B24B5B /* Pods-Tidying Up-Tidying UpUITests.release.xcconfig */ = {isa = PBXFileReference; includeInIndex = 1; lastKnownFileType = text.xcconfig; name = "Pods-Tidying Up-Tidying UpUITests.release.xcconfig"; path = "Target Support Files/Pods-Tidying Up-Tidying UpUITests/Pods-Tidying Up-Tidying UpUITests.release.xcconfig"; sourceTree = "<group>"; };
		F993AD26715B4D0B27ADAD72 /* Pods-Tidying Up.release.xcconfig */ = {isa = PBXFileReference; includeInIndex = 1; lastKnownFileType = text.xcconfig; name = "Pods-Tidying Up.release.xcconfig"; path = "Target Support Files/Pods-Tidying Up/Pods-Tidying Up.release.xcconfig"; sourceTree = "<group>"; };
/* End PBXFileReference section */

/* Begin PBXFrameworksBuildPhase section */
		38A8F1B924683C6F00C57CB6 /* Frameworks */ = {
			isa = PBXFrameworksBuildPhase;
			buildActionMask = 2147483647;
			files = (
				0EC7CA42C0AF7D166375549D /* Pods_Tidying_Up.framework in Frameworks */,
			);
			runOnlyForDeploymentPostprocessing = 0;
		};
		38A8F1D324683C7000C57CB6 /* Frameworks */ = {
			isa = PBXFrameworksBuildPhase;
			buildActionMask = 2147483647;
			files = (
				B87A596F1D09A84D9162DA39 /* Pods_Tidying_UpTests.framework in Frameworks */,
			);
			runOnlyForDeploymentPostprocessing = 0;
		};
		38A8F1DE24683C7000C57CB6 /* Frameworks */ = {
			isa = PBXFrameworksBuildPhase;
			buildActionMask = 2147483647;
			files = (
				20779957AB43D0A7FFCE60BC /* Pods_Tidying_Up_Tidying_UpUITests.framework in Frameworks */,
			);
			runOnlyForDeploymentPostprocessing = 0;
		};
/* End PBXFrameworksBuildPhase section */

/* Begin PBXGroup section */
		26C0CE668E7CAFD08572B4A7 /* Pods */ = {
			isa = PBXGroup;
			children = (
				36DBEC0F93CE883AE3DE34C5 /* Pods-Tidying Up.debug.xcconfig */,
				F993AD26715B4D0B27ADAD72 /* Pods-Tidying Up.release.xcconfig */,
				DD1F54BA083332C4BDE75FC0 /* Pods-Tidying Up-Tidying UpUITests.debug.xcconfig */,
				EDCEBFDBDE094C3353B24B5B /* Pods-Tidying Up-Tidying UpUITests.release.xcconfig */,
				23B2A9A5369E9C3C0A37F3C6 /* Pods-Tidying UpTests.debug.xcconfig */,
				0ED0C6287C4D0ADC89618107 /* Pods-Tidying UpTests.release.xcconfig */,
			);
			path = Pods;
			sourceTree = "<group>";
		};
		2A14565337A6C54824CD2B64 /* Frameworks */ = {
			isa = PBXGroup;
			children = (
				1A383CEC29A235EDB710B69A /* Pods_Tidying_Up.framework */,
				AA3D41D9454FD7694BA46ED5 /* Pods_Tidying_Up_Tidying_UpUITests.framework */,
				D9434F70048A4C94845DB633 /* Pods_Tidying_UpTests.framework */,
			);
			name = Frameworks;
			sourceTree = "<group>";
		};
		38A8F1B324683C6F00C57CB6 = {
			isa = PBXGroup;
			children = (
				38A8F1BE24683C6F00C57CB6 /* Tidying Up */,
				38A8F1E424683C7000C57CB6 /* Tidying UpUITests */,
				38A8F1BD24683C6F00C57CB6 /* Products */,
				26C0CE668E7CAFD08572B4A7 /* Pods */,
				2A14565337A6C54824CD2B64 /* Frameworks */,
			);
			sourceTree = "<group>";
		};
		38A8F1BD24683C6F00C57CB6 /* Products */ = {
			isa = PBXGroup;
			children = (
				38A8F1BC24683C6F00C57CB6 /* Tidying Up.app */,
				38A8F1D624683C7000C57CB6 /* Tidying UpTests.xctest */,
				38A8F1E124683C7000C57CB6 /* Tidying UpUITests.xctest */,
			);
			name = Products;
			sourceTree = "<group>";
		};
		38A8F1BE24683C6F00C57CB6 /* Tidying Up */ = {
			isa = PBXGroup;
			children = (
				38A8F1BF24683C6F00C57CB6 /* AppDelegate.swift */,
				382397B12491198C0094664B /* Tutorial.sks */,
				3853F0B524911CD8000F9BF7 /* TutorialScene.swift */,
				38A8F1C124683C6F00C57CB6 /* GameScene.sks */,
				38A8F1C524683C6F00C57CB6 /* GameScene.swift */,
				3887046A2490C370009B13C7 /* FloorTile.sks */,
				38A8F1C324683C6F00C57CB6 /* Actions.sks */,
				382397AF2490E7640094664B /* item.swift */,
				38A8F1C724683C6F00C57CB6 /* GameViewController.swift */,
				3853F0B724911E35000F9BF7 /* TutorialViewController.swift */,
				38FA7B7624779FFD0010DC6A /* LoginpageViewController.swift */,
				3887046624901D55009B13C7 /* Level.swift */,
				388704682490A6CE009B13C7 /* LevelList.swift */,
				38E6DE4F2478D7E80015A980 /* SignUpViewcontroller.swift */,
				3850D301247DCC03000E939C /* LevelPageViewController.swift */,
				3850D303247E18DD000E939C /* ShopViewController.swift */,
				385DCA042492B73500EE1AF9 /* LevelInsideViewContoller.swift */,
				38A8F1C924683C6F00C57CB6 /* Main.storyboard */,
				38A8F1CC24683C7000C57CB6 /* Assets.xcassets */,
				38A8F1CE24683C7000C57CB6 /* LaunchScreen.storyboard */,
				3887045E248DF787009B13C7 /* GoogleService-Info.plist */,
				38870460248DF796009B13C7 /* credentials.plist */,
				38A8F1D124683C7000C57CB6 /* Info.plist */,
				38A8F1D924683C7000C57CB6 /* Tidying UpTests */,
				385DC9FE2492287700EE1AF9 /* animateStroke.fsh */,
				385DCA062492CE0000EE1AF9 /* linkedList.swift */,
			);
			path = "Tidying Up";
			sourceTree = "<group>";
		};
		38A8F1D924683C7000C57CB6 /* Tidying UpTests */ = {
			isa = PBXGroup;
			children = (
				38A8F1DA24683C7000C57CB6 /* Tidying_UpTests.swift */,
				38A8F1DC24683C7000C57CB6 /* Info.plist */,
			);
			path = "Tidying UpTests";
			sourceTree = "<group>";
		};
		38A8F1E424683C7000C57CB6 /* Tidying UpUITests */ = {
			isa = PBXGroup;
			children = (
				38A8F1E524683C7000C57CB6 /* Tidying_UpUITests.swift */,
				38A8F1E724683C7000C57CB6 /* Info.plist */,
			);
			path = "Tidying UpUITests";
			sourceTree = "<group>";
		};
/* End PBXGroup section */

/* Begin PBXNativeTarget section */
		38A8F1BB24683C6F00C57CB6 /* Tidying Up */ = {
			isa = PBXNativeTarget;
			buildConfigurationList = 38A8F1EA24683C7000C57CB6 /* Build configuration list for PBXNativeTarget "Tidying Up" */;
			buildPhases = (
				97174CE7E719C3019A5A838C /* [CP] Check Pods Manifest.lock */,
				38A8F1B824683C6F00C57CB6 /* Sources */,
				38A8F1B924683C6F00C57CB6 /* Frameworks */,
				38A8F1BA24683C6F00C57CB6 /* Resources */,
				E3B0B4C208D4650C91521256 /* [CP] Embed Pods Frameworks */,
				481FB20035A8317804CAC619 /* [CP] Copy Pods Resources */,
			);
			buildRules = (
			);
			dependencies = (
			);
			name = "Tidying Up";
			productName = "Tidying Up";
			productReference = 38A8F1BC24683C6F00C57CB6 /* Tidying Up.app */;
			productType = "com.apple.product-type.application";
		};
		38A8F1D524683C7000C57CB6 /* Tidying UpTests */ = {
			isa = PBXNativeTarget;
			buildConfigurationList = 38A8F1ED24683C7000C57CB6 /* Build configuration list for PBXNativeTarget "Tidying UpTests" */;
			buildPhases = (
				7CBB155FEEF328106DB58A65 /* [CP] Check Pods Manifest.lock */,
				38A8F1D224683C7000C57CB6 /* Sources */,
				38A8F1D324683C7000C57CB6 /* Frameworks */,
				38A8F1D424683C7000C57CB6 /* Resources */,
			);
			buildRules = (
			);
			dependencies = (
				38A8F1D824683C7000C57CB6 /* PBXTargetDependency */,
			);
			name = "Tidying UpTests";
			productName = "Tidying UpTests";
			productReference = 38A8F1D624683C7000C57CB6 /* Tidying UpTests.xctest */;
			productType = "com.apple.product-type.bundle.unit-test";
		};
		38A8F1E024683C7000C57CB6 /* Tidying UpUITests */ = {
			isa = PBXNativeTarget;
			buildConfigurationList = 38A8F1F024683C7000C57CB6 /* Build configuration list for PBXNativeTarget "Tidying UpUITests" */;
			buildPhases = (
				34ED61263B9A281D01288183 /* [CP] Check Pods Manifest.lock */,
				38A8F1DD24683C7000C57CB6 /* Sources */,
				38A8F1DE24683C7000C57CB6 /* Frameworks */,
				38A8F1DF24683C7000C57CB6 /* Resources */,
				2E2F5F2FE616F8F9E7E2255A /* [CP] Embed Pods Frameworks */,
				7E47969BF0C76B8355DA9F6A /* [CP] Copy Pods Resources */,
			);
			buildRules = (
			);
			dependencies = (
				38A8F1E324683C7000C57CB6 /* PBXTargetDependency */,
			);
			name = "Tidying UpUITests";
			productName = "Tidying UpUITests";
			productReference = 38A8F1E124683C7000C57CB6 /* Tidying UpUITests.xctest */;
			productType = "com.apple.product-type.bundle.ui-testing";
		};
/* End PBXNativeTarget section */

/* Begin PBXProject section */
		38A8F1B424683C6F00C57CB6 /* Project object */ = {
			isa = PBXProject;
			attributes = {
				KnownAssetTags = (
					"Content View",
					ContentView,
					insideLevel,
					test,
				);
				LastSwiftUpdateCheck = 1140;
				LastUpgradeCheck = 1140;
				ORGANIZATIONNAME = "vincent Alvaro";
				TargetAttributes = {
					38A8F1BB24683C6F00C57CB6 = {
						CreatedOnToolsVersion = 11.4.1;
					};
					38A8F1D524683C7000C57CB6 = {
						CreatedOnToolsVersion = 11.4.1;
						TestTargetID = 38A8F1BB24683C6F00C57CB6;
					};
					38A8F1E024683C7000C57CB6 = {
						CreatedOnToolsVersion = 11.4.1;
						TestTargetID = 38A8F1BB24683C6F00C57CB6;
					};
				};
			};
			buildConfigurationList = 38A8F1B724683C6F00C57CB6 /* Build configuration list for PBXProject "Tidying Up" */;
			compatibilityVersion = "Xcode 9.3";
			developmentRegion = en;
			hasScannedForEncodings = 0;
			knownRegions = (
				en,
				Base,
			);
			mainGroup = 38A8F1B324683C6F00C57CB6;
			productRefGroup = 38A8F1BD24683C6F00C57CB6 /* Products */;
			projectDirPath = "";
			projectRoot = "";
			targets = (
				38A8F1BB24683C6F00C57CB6 /* Tidying Up */,
				38A8F1D524683C7000C57CB6 /* Tidying UpTests */,
				38A8F1E024683C7000C57CB6 /* Tidying UpUITests */,
			);
		};
/* End PBXProject section */

/* Begin PBXResourcesBuildPhase section */
		38A8F1BA24683C6F00C57CB6 /* Resources */ = {
			isa = PBXResourcesBuildPhase;
			buildActionMask = 2147483647;
			files = (
				38A8F1CB24683C6F00C57CB6 /* Main.storyboard in Resources */,
				385DC9FF2492287700EE1AF9 /* animateStroke.fsh in Resources */,
				38A8F1C224683C6F00C57CB6 /* GameScene.sks in Resources */,
				38A8F1CD24683C7000C57CB6 /* Assets.xcassets in Resources */,
				382397B22491198C0094664B /* Tutorial.sks in Resources */,
				3887045F248DF787009B13C7 /* GoogleService-Info.plist in Resources */,
				3887046B2490C370009B13C7 /* FloorTile.sks in Resources */,
				38A8F1D024683C7000C57CB6 /* LaunchScreen.storyboard in Resources */,
				38870461248DF796009B13C7 /* credentials.plist in Resources */,
				38A8F1C424683C6F00C57CB6 /* Actions.sks in Resources */,
			);
			runOnlyForDeploymentPostprocessing = 0;
		};
		38A8F1D424683C7000C57CB6 /* Resources */ = {
			isa = PBXResourcesBuildPhase;
			buildActionMask = 2147483647;
			files = (
			);
			runOnlyForDeploymentPostprocessing = 0;
		};
		38A8F1DF24683C7000C57CB6 /* Resources */ = {
			isa = PBXResourcesBuildPhase;
			buildActionMask = 2147483647;
			files = (
			);
			runOnlyForDeploymentPostprocessing = 0;
		};
/* End PBXResourcesBuildPhase section */

/* Begin PBXShellScriptBuildPhase section */
		2E2F5F2FE616F8F9E7E2255A /* [CP] Embed Pods Frameworks */ = {
			isa = PBXShellScriptBuildPhase;
			buildActionMask = 2147483647;
			files = (
			);
			inputFileListPaths = (
				"${PODS_ROOT}/Target Support Files/Pods-Tidying Up-Tidying UpUITests/Pods-Tidying Up-Tidying UpUITests-frameworks-${CONFIGURATION}-input-files.xcfilelist",
			);
			name = "[CP] Embed Pods Frameworks";
			outputFileListPaths = (
				"${PODS_ROOT}/Target Support Files/Pods-Tidying Up-Tidying UpUITests/Pods-Tidying Up-Tidying UpUITests-frameworks-${CONFIGURATION}-output-files.xcfilelist",
			);
			runOnlyForDeploymentPostprocessing = 0;
			shellPath = /bin/sh;
			shellScript = "\"${PODS_ROOT}/Target Support Files/Pods-Tidying Up-Tidying UpUITests/Pods-Tidying Up-Tidying UpUITests-frameworks.sh\"\n";
			showEnvVarsInLog = 0;
		};
		34ED61263B9A281D01288183 /* [CP] Check Pods Manifest.lock */ = {
			isa = PBXShellScriptBuildPhase;
			buildActionMask = 2147483647;
			files = (
			);
			inputFileListPaths = (
			);
			inputPaths = (
				"${PODS_PODFILE_DIR_PATH}/Podfile.lock",
				"${PODS_ROOT}/Manifest.lock",
			);
			name = "[CP] Check Pods Manifest.lock";
			outputFileListPaths = (
			);
			outputPaths = (
				"$(DERIVED_FILE_DIR)/Pods-Tidying Up-Tidying UpUITests-checkManifestLockResult.txt",
			);
			runOnlyForDeploymentPostprocessing = 0;
			shellPath = /bin/sh;
			shellScript = "diff \"${PODS_PODFILE_DIR_PATH}/Podfile.lock\" \"${PODS_ROOT}/Manifest.lock\" > /dev/null\nif [ $? != 0 ] ; then\n    # print error to STDERR\n    echo \"error: The sandbox is not in sync with the Podfile.lock. Run 'pod install' or update your CocoaPods installation.\" >&2\n    exit 1\nfi\n# This output is used by Xcode 'outputs' to avoid re-running this script phase.\necho \"SUCCESS\" > \"${SCRIPT_OUTPUT_FILE_0}\"\n";
			showEnvVarsInLog = 0;
		};
		481FB20035A8317804CAC619 /* [CP] Copy Pods Resources */ = {
			isa = PBXShellScriptBuildPhase;
			buildActionMask = 2147483647;
			files = (
			);
			inputFileListPaths = (
				"${PODS_ROOT}/Target Support Files/Pods-Tidying Up/Pods-Tidying Up-resources-${CONFIGURATION}-input-files.xcfilelist",
			);
			name = "[CP] Copy Pods Resources";
			outputFileListPaths = (
				"${PODS_ROOT}/Target Support Files/Pods-Tidying Up/Pods-Tidying Up-resources-${CONFIGURATION}-output-files.xcfilelist",
			);
			runOnlyForDeploymentPostprocessing = 0;
			shellPath = /bin/sh;
			shellScript = "\"${PODS_ROOT}/Target Support Files/Pods-Tidying Up/Pods-Tidying Up-resources.sh\"\n";
			showEnvVarsInLog = 0;
		};
		7CBB155FEEF328106DB58A65 /* [CP] Check Pods Manifest.lock */ = {
			isa = PBXShellScriptBuildPhase;
			buildActionMask = 2147483647;
			files = (
			);
			inputFileListPaths = (
			);
			inputPaths = (
				"${PODS_PODFILE_DIR_PATH}/Podfile.lock",
				"${PODS_ROOT}/Manifest.lock",
			);
			name = "[CP] Check Pods Manifest.lock";
			outputFileListPaths = (
			);
			outputPaths = (
				"$(DERIVED_FILE_DIR)/Pods-Tidying UpTests-checkManifestLockResult.txt",
			);
			runOnlyForDeploymentPostprocessing = 0;
			shellPath = /bin/sh;
			shellScript = "diff \"${PODS_PODFILE_DIR_PATH}/Podfile.lock\" \"${PODS_ROOT}/Manifest.lock\" > /dev/null\nif [ $? != 0 ] ; then\n    # print error to STDERR\n    echo \"error: The sandbox is not in sync with the Podfile.lock. Run 'pod install' or update your CocoaPods installation.\" >&2\n    exit 1\nfi\n# This output is used by Xcode 'outputs' to avoid re-running this script phase.\necho \"SUCCESS\" > \"${SCRIPT_OUTPUT_FILE_0}\"\n";
			showEnvVarsInLog = 0;
		};
		7E47969BF0C76B8355DA9F6A /* [CP] Copy Pods Resources */ = {
			isa = PBXShellScriptBuildPhase;
			buildActionMask = 2147483647;
			files = (
			);
			inputFileListPaths = (
				"${PODS_ROOT}/Target Support Files/Pods-Tidying Up-Tidying UpUITests/Pods-Tidying Up-Tidying UpUITests-resources-${CONFIGURATION}-input-files.xcfilelist",
			);
			name = "[CP] Copy Pods Resources";
			outputFileListPaths = (
				"${PODS_ROOT}/Target Support Files/Pods-Tidying Up-Tidying UpUITests/Pods-Tidying Up-Tidying UpUITests-resources-${CONFIGURATION}-output-files.xcfilelist",
			);
			runOnlyForDeploymentPostprocessing = 0;
			shellPath = /bin/sh;
			shellScript = "\"${PODS_ROOT}/Target Support Files/Pods-Tidying Up-Tidying UpUITests/Pods-Tidying Up-Tidying UpUITests-resources.sh\"\n";
			showEnvVarsInLog = 0;
		};
		97174CE7E719C3019A5A838C /* [CP] Check Pods Manifest.lock */ = {
			isa = PBXShellScriptBuildPhase;
			buildActionMask = 2147483647;
			files = (
			);
			inputFileListPaths = (
			);
			inputPaths = (
				"${PODS_PODFILE_DIR_PATH}/Podfile.lock",
				"${PODS_ROOT}/Manifest.lock",
			);
			name = "[CP] Check Pods Manifest.lock";
			outputFileListPaths = (
			);
			outputPaths = (
				"$(DERIVED_FILE_DIR)/Pods-Tidying Up-checkManifestLockResult.txt",
			);
			runOnlyForDeploymentPostprocessing = 0;
			shellPath = /bin/sh;
			shellScript = "diff \"${PODS_PODFILE_DIR_PATH}/Podfile.lock\" \"${PODS_ROOT}/Manifest.lock\" > /dev/null\nif [ $? != 0 ] ; then\n    # print error to STDERR\n    echo \"error: The sandbox is not in sync with the Podfile.lock. Run 'pod install' or update your CocoaPods installation.\" >&2\n    exit 1\nfi\n# This output is used by Xcode 'outputs' to avoid re-running this script phase.\necho \"SUCCESS\" > \"${SCRIPT_OUTPUT_FILE_0}\"\n";
			showEnvVarsInLog = 0;
		};
		E3B0B4C208D4650C91521256 /* [CP] Embed Pods Frameworks */ = {
			isa = PBXShellScriptBuildPhase;
			buildActionMask = 2147483647;
			files = (
			);
			inputFileListPaths = (
				"${PODS_ROOT}/Target Support Files/Pods-Tidying Up/Pods-Tidying Up-frameworks-${CONFIGURATION}-input-files.xcfilelist",
			);
			name = "[CP] Embed Pods Frameworks";
			outputFileListPaths = (
				"${PODS_ROOT}/Target Support Files/Pods-Tidying Up/Pods-Tidying Up-frameworks-${CONFIGURATION}-output-files.xcfilelist",
			);
			runOnlyForDeploymentPostprocessing = 0;
			shellPath = /bin/sh;
			shellScript = "\"${PODS_ROOT}/Target Support Files/Pods-Tidying Up/Pods-Tidying Up-frameworks.sh\"\n";
			showEnvVarsInLog = 0;
		};
/* End PBXShellScriptBuildPhase section */

/* Begin PBXSourcesBuildPhase section */
		38A8F1B824683C6F00C57CB6 /* Sources */ = {
			isa = PBXSourcesBuildPhase;
			buildActionMask = 2147483647;
			files = (
				3850D302247DCC03000E939C /* LevelPageViewController.swift in Sources */,
				38A8F1C624683C6F00C57CB6 /* GameScene.swift in Sources */,
				382397B02490E7640094664B /* item.swift in Sources */,
				38FA7B7724779FFD0010DC6A /* LoginpageViewController.swift in Sources */,
				3853F0B624911CD8000F9BF7 /* TutorialScene.swift in Sources */,
				38E6DE502478D7E80015A980 /* SignUpViewcontroller.swift in Sources */,
				385DCA052492B73500EE1AF9 /* LevelInsideViewContoller.swift in Sources */,
				38A8F1C824683C6F00C57CB6 /* GameViewController.swift in Sources */,
				3850D304247E18DD000E939C /* ShopViewController.swift in Sources */,
				3887046724901D55009B13C7 /* Level.swift in Sources */,
				385DCA072492CE0000EE1AF9 /* linkedList.swift in Sources */,
				388704692490A6CE009B13C7 /* LevelList.swift in Sources */,
				3853F0B824911E35000F9BF7 /* TutorialViewController.swift in Sources */,
				38A8F1C024683C6F00C57CB6 /* AppDelegate.swift in Sources */,
			);
			runOnlyForDeploymentPostprocessing = 0;
		};
		38A8F1D224683C7000C57CB6 /* Sources */ = {
			isa = PBXSourcesBuildPhase;
			buildActionMask = 2147483647;
			files = (
				38A8F1DB24683C7000C57CB6 /* Tidying_UpTests.swift in Sources */,
			);
			runOnlyForDeploymentPostprocessing = 0;
		};
		38A8F1DD24683C7000C57CB6 /* Sources */ = {
			isa = PBXSourcesBuildPhase;
			buildActionMask = 2147483647;
			files = (
				38A8F1E624683C7000C57CB6 /* Tidying_UpUITests.swift in Sources */,
			);
			runOnlyForDeploymentPostprocessing = 0;
		};
/* End PBXSourcesBuildPhase section */

/* Begin PBXTargetDependency section */
		38A8F1D824683C7000C57CB6 /* PBXTargetDependency */ = {
			isa = PBXTargetDependency;
			target = 38A8F1BB24683C6F00C57CB6 /* Tidying Up */;
			targetProxy = 38A8F1D724683C7000C57CB6 /* PBXContainerItemProxy */;
		};
		38A8F1E324683C7000C57CB6 /* PBXTargetDependency */ = {
			isa = PBXTargetDependency;
			target = 38A8F1BB24683C6F00C57CB6 /* Tidying Up */;
			targetProxy = 38A8F1E224683C7000C57CB6 /* PBXContainerItemProxy */;
		};
/* End PBXTargetDependency section */

/* Begin PBXVariantGroup section */
		38A8F1C924683C6F00C57CB6 /* Main.storyboard */ = {
			isa = PBXVariantGroup;
			children = (
				38A8F1CA24683C6F00C57CB6 /* Base */,
			);
			name = Main.storyboard;
			sourceTree = "<group>";
		};
		38A8F1CE24683C7000C57CB6 /* LaunchScreen.storyboard */ = {
			isa = PBXVariantGroup;
			children = (
				38A8F1CF24683C7000C57CB6 /* Base */,
			);
			name = LaunchScreen.storyboard;
			sourceTree = "<group>";
		};
/* End PBXVariantGroup section */

/* Begin XCBuildConfiguration section */
		38A8F1E824683C7000C57CB6 /* Debug */ = {
			isa = XCBuildConfiguration;
			buildSettings = {
				ALWAYS_SEARCH_USER_PATHS = NO;
				CLANG_ANALYZER_NONNULL = YES;
				CLANG_ANALYZER_NUMBER_OBJECT_CONVERSION = YES_AGGRESSIVE;
				CLANG_CXX_LANGUAGE_STANDARD = "gnu++14";
				CLANG_CXX_LIBRARY = "libc++";
				CLANG_ENABLE_MODULES = YES;
				CLANG_ENABLE_OBJC_ARC = YES;
				CLANG_ENABLE_OBJC_WEAK = YES;
				CLANG_WARN_BLOCK_CAPTURE_AUTORELEASING = YES;
				CLANG_WARN_BOOL_CONVERSION = YES;
				CLANG_WARN_COMMA = YES;
				CLANG_WARN_CONSTANT_CONVERSION = YES;
				CLANG_WARN_DEPRECATED_OBJC_IMPLEMENTATIONS = YES;
				CLANG_WARN_DIRECT_OBJC_ISA_USAGE = YES_ERROR;
				CLANG_WARN_DOCUMENTATION_COMMENTS = YES;
				CLANG_WARN_EMPTY_BODY = YES;
				CLANG_WARN_ENUM_CONVERSION = YES;
				CLANG_WARN_INFINITE_RECURSION = YES;
				CLANG_WARN_INT_CONVERSION = YES;
				CLANG_WARN_NON_LITERAL_NULL_CONVERSION = YES;
				CLANG_WARN_OBJC_IMPLICIT_RETAIN_SELF = YES;
				CLANG_WARN_OBJC_LITERAL_CONVERSION = YES;
				CLANG_WARN_OBJC_ROOT_CLASS = YES_ERROR;
				CLANG_WARN_RANGE_LOOP_ANALYSIS = YES;
				CLANG_WARN_STRICT_PROTOTYPES = YES;
				CLANG_WARN_SUSPICIOUS_MOVE = YES;
				CLANG_WARN_UNGUARDED_AVAILABILITY = YES_AGGRESSIVE;
				CLANG_WARN_UNREACHABLE_CODE = YES;
				CLANG_WARN__DUPLICATE_METHOD_MATCH = YES;
				COPY_PHASE_STRIP = NO;
				DEBUG_INFORMATION_FORMAT = dwarf;
				ENABLE_STRICT_OBJC_MSGSEND = YES;
				ENABLE_TESTABILITY = YES;
				GCC_C_LANGUAGE_STANDARD = gnu11;
				GCC_DYNAMIC_NO_PIC = NO;
				GCC_NO_COMMON_BLOCKS = YES;
				GCC_OPTIMIZATION_LEVEL = 0;
				GCC_PREPROCESSOR_DEFINITIONS = (
					"DEBUG=1",
					"$(inherited)",
				);
				GCC_WARN_64_TO_32_BIT_CONVERSION = YES;
				GCC_WARN_ABOUT_RETURN_TYPE = YES_ERROR;
				GCC_WARN_UNDECLARED_SELECTOR = YES;
				GCC_WARN_UNINITIALIZED_AUTOS = YES_AGGRESSIVE;
				GCC_WARN_UNUSED_FUNCTION = YES;
				GCC_WARN_UNUSED_VARIABLE = YES;
				IPHONEOS_DEPLOYMENT_TARGET = 13.4;
				MTL_ENABLE_DEBUG_INFO = INCLUDE_SOURCE;
				MTL_FAST_MATH = YES;
				ONLY_ACTIVE_ARCH = YES;
				SDKROOT = iphoneos;
				SWIFT_ACTIVE_COMPILATION_CONDITIONS = DEBUG;
				SWIFT_OPTIMIZATION_LEVEL = "-Onone";
			};
			name = Debug;
		};
		38A8F1E924683C7000C57CB6 /* Release */ = {
			isa = XCBuildConfiguration;
			buildSettings = {
				ALWAYS_SEARCH_USER_PATHS = NO;
				CLANG_ANALYZER_NONNULL = YES;
				CLANG_ANALYZER_NUMBER_OBJECT_CONVERSION = YES_AGGRESSIVE;
				CLANG_CXX_LANGUAGE_STANDARD = "gnu++14";
				CLANG_CXX_LIBRARY = "libc++";
				CLANG_ENABLE_MODULES = YES;
				CLANG_ENABLE_OBJC_ARC = YES;
				CLANG_ENABLE_OBJC_WEAK = YES;
				CLANG_WARN_BLOCK_CAPTURE_AUTORELEASING = YES;
				CLANG_WARN_BOOL_CONVERSION = YES;
				CLANG_WARN_COMMA = YES;
				CLANG_WARN_CONSTANT_CONVERSION = YES;
				CLANG_WARN_DEPRECATED_OBJC_IMPLEMENTATIONS = YES;
				CLANG_WARN_DIRECT_OBJC_ISA_USAGE = YES_ERROR;
				CLANG_WARN_DOCUMENTATION_COMMENTS = YES;
				CLANG_WARN_EMPTY_BODY = YES;
				CLANG_WARN_ENUM_CONVERSION = YES;
				CLANG_WARN_INFINITE_RECURSION = YES;
				CLANG_WARN_INT_CONVERSION = YES;
				CLANG_WARN_NON_LITERAL_NULL_CONVERSION = YES;
				CLANG_WARN_OBJC_IMPLICIT_RETAIN_SELF = YES;
				CLANG_WARN_OBJC_LITERAL_CONVERSION = YES;
				CLANG_WARN_OBJC_ROOT_CLASS = YES_ERROR;
				CLANG_WARN_RANGE_LOOP_ANALYSIS = YES;
				CLANG_WARN_STRICT_PROTOTYPES = YES;
				CLANG_WARN_SUSPICIOUS_MOVE = YES;
				CLANG_WARN_UNGUARDED_AVAILABILITY = YES_AGGRESSIVE;
				CLANG_WARN_UNREACHABLE_CODE = YES;
				CLANG_WARN__DUPLICATE_METHOD_MATCH = YES;
				COPY_PHASE_STRIP = NO;
				DEBUG_INFORMATION_FORMAT = "dwarf-with-dsym";
				ENABLE_NS_ASSERTIONS = NO;
				ENABLE_STRICT_OBJC_MSGSEND = YES;
				GCC_C_LANGUAGE_STANDARD = gnu11;
				GCC_NO_COMMON_BLOCKS = YES;
				GCC_WARN_64_TO_32_BIT_CONVERSION = YES;
				GCC_WARN_ABOUT_RETURN_TYPE = YES_ERROR;
				GCC_WARN_UNDECLARED_SELECTOR = YES;
				GCC_WARN_UNINITIALIZED_AUTOS = YES_AGGRESSIVE;
				GCC_WARN_UNUSED_FUNCTION = YES;
				GCC_WARN_UNUSED_VARIABLE = YES;
				IPHONEOS_DEPLOYMENT_TARGET = 13.4;
				MTL_ENABLE_DEBUG_INFO = NO;
				MTL_FAST_MATH = YES;
				SDKROOT = iphoneos;
				SWIFT_COMPILATION_MODE = wholemodule;
				SWIFT_OPTIMIZATION_LEVEL = "-O";
				VALIDATE_PRODUCT = YES;
			};
			name = Release;
		};
		38A8F1EB24683C7000C57CB6 /* Debug */ = {
			isa = XCBuildConfiguration;
			baseConfigurationReference = 36DBEC0F93CE883AE3DE34C5 /* Pods-Tidying Up.debug.xcconfig */;
			buildSettings = {
				ASSETCATALOG_COMPILER_APPICON_NAME = AppIcon;
				CODE_SIGN_STYLE = Automatic;
				INFOPLIST_FILE = "Tidying Up/Info.plist";
				IPHONEOS_DEPLOYMENT_TARGET = 13.1;
				LD_RUNPATH_SEARCH_PATHS = (
					"$(inherited)",
					"@executable_path/Frameworks",
				);
				PRODUCT_BUNDLE_IDENTIFIER = "vincent-Alvaro.Tidying-Up";
				PRODUCT_NAME = "$(TARGET_NAME)";
				SWIFT_VERSION = 5.0;
				TARGETED_DEVICE_FAMILY = 1;
			};
			name = Debug;
		};
		38A8F1EC24683C7000C57CB6 /* Release */ = {
			isa = XCBuildConfiguration;
			baseConfigurationReference = F993AD26715B4D0B27ADAD72 /* Pods-Tidying Up.release.xcconfig */;
			buildSettings = {
				ASSETCATALOG_COMPILER_APPICON_NAME = AppIcon;
				CODE_SIGN_STYLE = Automatic;
				INFOPLIST_FILE = "Tidying Up/Info.plist";
				IPHONEOS_DEPLOYMENT_TARGET = 13.1;
				LD_RUNPATH_SEARCH_PATHS = (
					"$(inherited)",
					"@executable_path/Frameworks",
				);
				PRODUCT_BUNDLE_IDENTIFIER = "vincent-Alvaro.Tidying-Up";
				PRODUCT_NAME = "$(TARGET_NAME)";
				SWIFT_VERSION = 5.0;
				TARGETED_DEVICE_FAMILY = 1;
			};
			name = Release;
		};
		38A8F1EE24683C7000C57CB6 /* Debug */ = {
			isa = XCBuildConfiguration;
			baseConfigurationReference = 23B2A9A5369E9C3C0A37F3C6 /* Pods-Tidying UpTests.debug.xcconfig */;
			buildSettings = {
				ALWAYS_EMBED_SWIFT_STANDARD_LIBRARIES = YES;
				BUNDLE_LOADER = "$(TEST_HOST)";
				CODE_SIGN_STYLE = Automatic;
				INFOPLIST_FILE = "Tidying UpTests/Info.plist";
				IPHONEOS_DEPLOYMENT_TARGET = 13.4;
				LD_RUNPATH_SEARCH_PATHS = (
					"$(inherited)",
					"@executable_path/Frameworks",
					"@loader_path/Frameworks",
				);
				PRODUCT_BUNDLE_IDENTIFIER = "vincent-Alvaro.Tidying-UpTests";
				PRODUCT_NAME = "$(TARGET_NAME)";
				SWIFT_VERSION = 5.0;
				TARGETED_DEVICE_FAMILY = "1,2";
				TEST_HOST = "$(BUILT_PRODUCTS_DIR)/Tidying Up.app/Tidying Up";
			};
			name = Debug;
		};
		38A8F1EF24683C7000C57CB6 /* Release */ = {
			isa = XCBuildConfiguration;
			baseConfigurationReference = 0ED0C6287C4D0ADC89618107 /* Pods-Tidying UpTests.release.xcconfig */;
			buildSettings = {
				ALWAYS_EMBED_SWIFT_STANDARD_LIBRARIES = YES;
				BUNDLE_LOADER = "$(TEST_HOST)";
				CODE_SIGN_STYLE = Automatic;
				INFOPLIST_FILE = "Tidying UpTests/Info.plist";
				IPHONEOS_DEPLOYMENT_TARGET = 13.4;
				LD_RUNPATH_SEARCH_PATHS = (
					"$(inherited)",
					"@executable_path/Frameworks",
					"@loader_path/Frameworks",
				);
				PRODUCT_BUNDLE_IDENTIFIER = "vincent-Alvaro.Tidying-UpTests";
				PRODUCT_NAME = "$(TARGET_NAME)";
				SWIFT_VERSION = 5.0;
				TARGETED_DEVICE_FAMILY = "1,2";
				TEST_HOST = "$(BUILT_PRODUCTS_DIR)/Tidying Up.app/Tidying Up";
			};
			name = Release;
		};
		38A8F1F124683C7000C57CB6 /* Debug */ = {
			isa = XCBuildConfiguration;
			baseConfigurationReference = DD1F54BA083332C4BDE75FC0 /* Pods-Tidying Up-Tidying UpUITests.debug.xcconfig */;
			buildSettings = {
				ALWAYS_EMBED_SWIFT_STANDARD_LIBRARIES = YES;
				CODE_SIGN_STYLE = Automatic;
				INFOPLIST_FILE = "Tidying UpUITests/Info.plist";
				LD_RUNPATH_SEARCH_PATHS = (
					"$(inherited)",
					"@executable_path/Frameworks",
					"@loader_path/Frameworks",
				);
				PRODUCT_BUNDLE_IDENTIFIER = "vincent-Alvaro.Tidying-UpUITests";
				PRODUCT_NAME = "$(TARGET_NAME)";
				SWIFT_VERSION = 5.0;
				TARGETED_DEVICE_FAMILY = "1,2";
				TEST_TARGET_NAME = "Tidying Up";
			};
			name = Debug;
		};
		38A8F1F224683C7000C57CB6 /* Release */ = {
			isa = XCBuildConfiguration;
			baseConfigurationReference = EDCEBFDBDE094C3353B24B5B /* Pods-Tidying Up-Tidying UpUITests.release.xcconfig */;
			buildSettings = {
				ALWAYS_EMBED_SWIFT_STANDARD_LIBRARIES = YES;
				CODE_SIGN_STYLE = Automatic;
				INFOPLIST_FILE = "Tidying UpUITests/Info.plist";
				LD_RUNPATH_SEARCH_PATHS = (
					"$(inherited)",
					"@executable_path/Frameworks",
					"@loader_path/Frameworks",
				);
				PRODUCT_BUNDLE_IDENTIFIER = "vincent-Alvaro.Tidying-UpUITests";
				PRODUCT_NAME = "$(TARGET_NAME)";
				SWIFT_VERSION = 5.0;
				TARGETED_DEVICE_FAMILY = "1,2";
				TEST_TARGET_NAME = "Tidying Up";
			};
			name = Release;
		};
/* End XCBuildConfiguration section */

/* Begin XCConfigurationList section */
		38A8F1B724683C6F00C57CB6 /* Build configuration list for PBXProject "Tidying Up" */ = {
			isa = XCConfigurationList;
			buildConfigurations = (
				38A8F1E824683C7000C57CB6 /* Debug */,
				38A8F1E924683C7000C57CB6 /* Release */,
			);
			defaultConfigurationIsVisible = 0;
			defaultConfigurationName = Release;
		};
		38A8F1EA24683C7000C57CB6 /* Build configuration list for PBXNativeTarget "Tidying Up" */ = {
			isa = XCConfigurationList;
			buildConfigurations = (
				38A8F1EB24683C7000C57CB6 /* Debug */,
				38A8F1EC24683C7000C57CB6 /* Release */,
			);
			defaultConfigurationIsVisible = 0;
			defaultConfigurationName = Release;
		};
		38A8F1ED24683C7000C57CB6 /* Build configuration list for PBXNativeTarget "Tidying UpTests" */ = {
			isa = XCConfigurationList;
			buildConfigurations = (
				38A8F1EE24683C7000C57CB6 /* Debug */,
				38A8F1EF24683C7000C57CB6 /* Release */,
			);
			defaultConfigurationIsVisible = 0;
			defaultConfigurationName = Release;
		};
		38A8F1F024683C7000C57CB6 /* Build configuration list for PBXNativeTarget "Tidying UpUITests" */ = {
			isa = XCConfigurationList;
			buildConfigurations = (
				38A8F1F124683C7000C57CB6 /* Debug */,
				38A8F1F224683C7000C57CB6 /* Release */,
			);
			defaultConfigurationIsVisible = 0;
			defaultConfigurationName = Release;
		};
/* End XCConfigurationList section */
	};
	rootObject = 38A8F1B424683C6F00C57CB6 /* Project object */;
}
